
Microsoft Visual Studio Solution File, Format Version 12.00
# Visual Studio Version 17
VisualStudioVersion = 17.7.34031.279
MinimumVisualStudioVersion = 10.0.40219.1
Project("{FAE04EC0-301F-11D3-BF4B-00C04F79EFBC}") = "TargetPathology.Core", "TargetPathology.Core\TargetPathology.Core.csproj", "{C67F2DD6-AE19-40CD-B3E1-227B15654D8A}"
EndProject
Project("{FAE04EC0-301F-11D3-BF4B-00C04F79EFBC}") = "TargetPathology.Core.Tests", "TargetPathology.Core.Tests\TargetPathology.Core.Tests.csproj", "{7D266FD7-66C7-4A1A-B792-03E83E13B110}"
EndProject
Project("{FAE04EC0-301F-11D3-BF4B-00C04F79EFBC}") = "TargetPathology.UI", "TargetPathology.UI\TargetPathology.UI.csproj", "{73813769-4033-4529-A9A8-9578ACE5B6F4}"
EndProject
Global
	GlobalSection(SolutionConfigurationPlatforms) = preSolution
		Debug|Any CPU = Debug|Any CPU
		Release|Any CPU = Release|Any CPU
	EndGlobalSection
	GlobalSection(ProjectConfigurationPlatforms) = postSolution
		{C67F2DD6-AE19-40CD-B3E1-227B15654D8A}.Debug|Any CPU.ActiveCfg = Debug|Any CPU
		{C67F2DD6-AE19-40CD-B3E1-227B15654D8A}.Debug|Any CPU.Build.0 = Debug|Any CPU
		{C67F2DD6-AE19-40CD-B3E1-227B15654D8A}.Release|Any CPU.ActiveCfg = Release|Any CPU
		{C67F2DD6-AE19-40CD-B3E1-227B15654D8A}.Release|Any CPU.Build.0 = Release|Any CPU
		{7D266FD7-66C7-4A1A-B792-03E83E13B110}.Debug|Any CPU.ActiveCfg = Debug|Any CPU
		{7D266FD7-66C7-4A1A-B792-03E83E13B110}.Debug|Any CPU.Build.0 = Debug|Any CPU
		{7D266FD7-66C7-4A1A-B792-03E83E13B110}.Release|Any CPU.ActiveCfg = Release|Any CPU
		{7D266FD7-66C7-4A1A-B792-03E83E13B110}.Release|Any CPU.Build.0 = Release|Any CPU
		{73813769-4033-4529-A9A8-9578ACE5B6F4}.Debug|Any CPU.ActiveCfg = Debug|Any CPU
		{73813769-4033-4529-A9A8-9578ACE5B6F4}.Debug|Any CPU.Build.0 = Debug|Any CPU
		{73813769-4033-4529-A9A8-9578ACE5B6F4}.Release|Any CPU.ActiveCfg = Release|Any CPU
		{73813769-4033-4529-A9A8-9578ACE5B6F4}.Release|Any CPU.Build.0 = Release|Any CPU
	EndGlobalSection
	GlobalSection(SolutionProperties) = preSolution
		HideSolutionNode = FALSE
	EndGlobalSection
	GlobalSection(ExtensibilityGlobals) = postSolution
		SolutionGuid = {EAC3527D-6C4E-4F19-9217-CBC088FE38FD}
	EndGlobalSection
EndGlobal
